	<Project xmlns="http://schemas.microsoft.com/developer/msbuild/2003">
		<PropertyGroup>
			<ProjectGuid>{B1D09600-6432-4FC5-9C68-AEFF9D28DECC}</ProjectGuid>
			<ProjectVersion>12.2</ProjectVersion>
			<MainSource>DUDU_AUTO_PEÇAS.dpr</MainSource>
			<Config Condition="'$(Config)'==''">Debug</Config>
			<DCC_DCCCompiler>DCC32</DCC_DCCCompiler>
			<Base>True</Base>
			<Platform>Win32</Platform>
			<AppType>Application</AppType>
			<FrameworkType>VCL</FrameworkType>
		</PropertyGroup>
		<PropertyGroup Condition="'$(Config)'=='Base' or '$(Base)'!=''">
			<Base>true</Base>
		</PropertyGroup>
		<PropertyGroup Condition="'$(Config)'=='Release' or '$(Cfg_1)'!=''">
			<Cfg_1>true</Cfg_1>
			<CfgParent>Base</CfgParent>
			<Base>true</Base>
		</PropertyGroup>
		<PropertyGroup Condition="'$(Config)'=='Debug' or '$(Cfg_2)'!=''">
			<Cfg_2>true</Cfg_2>
			<CfgParent>Base</CfgParent>
			<Base>true</Base>
		</PropertyGroup>
		<PropertyGroup Condition="'$(Base)'!=''">
			<DCC_UsePackage>vclx;vcl;vclimg;dbrtl;Rave77VCL;bdertl;rtl;vclactnband;vcldb;vcldbx;vcltouch;xmlrtl;dsnap;dsnapcon;TeeUI;Tee;TeeDB;vclib;ibxpress;adortl;IndyCore;IndySystem;IndyProtocols;inet;intrawebdb_100_140;Intraweb_100_140;VclSmp;vclie;soaprtl;inetdbbde;inetdbxpress;vclribbon;dbexpress;DbxCommonDriver;DataSnapIndy10ServerTransport;DataSnapProviderClient;inetdb;DbxClientDriver;DataSnapServer;DBXInterBaseDriver;DBXMySQLDriver;dbxcds;DBXFirebirdDriver;DBXSybaseASEDriver;DBXSybaseASADriver;DBXOracleDriver;DBXMSSQLDriver;DBXInformixDriver;DBXDb2Driver;GridPackd2010;GridPackDEd2010;DBGridPackd2010;DBGridPackDEd2010;GridPackXlsd2010;acnt2010_R</DCC_UsePackage>
			<DCC_DependencyCheckOutputName>DUDU_AUTO_PEÇAS.exe</DCC_DependencyCheckOutputName>
			<DCC_ImageBase>00400000</DCC_ImageBase>
			<DCC_UnitAlias>WinTypes=Windows;WinProcs=Windows;DbiTypes=BDE;DbiProcs=BDE;DbiErrs=BDE;$(DCC_UnitAlias)</DCC_UnitAlias>
			<DCC_Platform>x86</DCC_Platform>
			<DCC_E>false</DCC_E>
			<DCC_N>false</DCC_N>
			<DCC_S>false</DCC_S>
			<DCC_F>false</DCC_F>
			<DCC_K>false</DCC_K>
		</PropertyGroup>
		<PropertyGroup Condition="'$(Cfg_1)'!=''">
			<DCC_LocalDebugSymbols>false</DCC_LocalDebugSymbols>
			<DCC_Define>RELEASE;$(DCC_Define)</DCC_Define>
			<DCC_SymbolReferenceInfo>0</DCC_SymbolReferenceInfo>
			<DCC_DebugInformation>false</DCC_DebugInformation>
		</PropertyGroup>
		<PropertyGroup Condition="'$(Cfg_2)'!=''">
			<DCC_Define>DEBUG;$(DCC_Define)</DCC_Define>
		</PropertyGroup>
		<ItemGroup>
			<DelphiCompile Include="DUDU_AUTO_PEÇAS.dpr">
				<MainSource>MainSource</MainSource>
			</DelphiCompile>
			<DCCReference Include="..\Objetos\FrmMenu\uMenu.pas">
				<Form>frmMenu</Form>
			</DCCReference>
			<DCCReference Include="..\Objetos\FrmBase\uFormBase.pas"/>
			<DCCReference Include="..\Objetos\FrmCaixa\uFechamento_Caixa.pas">
				<Form>frmFechamento_Caixa</Form>
			</DCCReference>
			<DCCReference Include="..\Objetos\DataModule\DmConexao\UdmConexao.pas">
				<Form>dmConexao</Form>
				<DesignClass>TDataModule</DesignClass>
			</DCCReference>
			<DCCReference Include="..\Objetos\DataModule\DmDados\uDm.pas">
				<Form>dm</Form>
				<DesignClass>TDataModule</DesignClass>
			</DCCReference>
			<DCCReference Include="..\Objetos\FrmPDV\uPDV.pas">
				<Form>frmPDV</Form>
			</DCCReference>
			<DCCReference Include="..\Objetos\FrmAgenda\uAgenda.pas">
				<Form>frmCadAgenda</Form>
			</DCCReference>
			<DCCReference Include="..\Objetos\FrmCadCliente\uCad_Cliente.pas">
				<Form>frmCadCliente</Form>
			</DCCReference>
			<DCCReference Include="..\Objetos\FrmCadFornecedor\uCad_Fornecedor.pas">
				<Form>frmCadFornecedor</Form>
			</DCCReference>
			<DCCReference Include="..\Objetos\FrmCadGrupo\uCad_Grupo.pas">
				<Form>frmCadGrupo</Form>
			</DCCReference>
			<DCCReference Include="..\Objetos\FrmCadProduto\uCad_Produto.pas">
				<Form>frmCadProduto</Form>
			</DCCReference>
			<DCCReference Include="..\Objetos\FrmCadUsuario\uCad_Usuario.pas">
				<Form>frmCadUsuario</Form>
			</DCCReference>
			<DCCReference Include="..\Objetos\FrmCancela_Item\uCancela_Item.pas">
				<Form>frmCancelaItem</Form>
			</DCCReference>
			<DCCReference Include="..\Objetos\FrmEntrada_Produtos\uEntrada_Produtos.pas">
				<Form>frmEntrada_Produtos</Form>
			</DCCReference>
			<DCCReference Include="..\Objetos\FrmForma_Pagamento\uForma_Pagamento.pas">
				<Form>frmForma_Pagamento</Form>
			</DCCReference>
			<DCCReference Include="..\Objetos\FrmLogin\uLogin.pas">
				<Form>frmLogin</Form>
			</DCCReference>
			<DCCReference Include="..\Objetos\FrmOrçamento\uOrcamento.pas">
				<Form>frmOrcamento</Form>
			</DCCReference>
			<DCCReference Include="..\Objetos\FrmProcura_Cliente\uProcura_Cliente.pas">
				<Form>frmProcura_Cliente</Form>
			</DCCReference>
			<DCCReference Include="..\Objetos\FrmProcura_Estoque\uProcura_Estoque.pas">
				<Form>frmProcura_Estoque</Form>
			</DCCReference>
			<DCCReference Include="..\Objetos\FrmProcura_Fornecedor\uProcura_Fornecedor.pas">
				<Form>frmProcura_Fornecedor</Form>
			</DCCReference>
			<DCCReference Include="..\Objetos\FrmProcura_Funcionario\uProcura_Funcionario.pas">
				<Form>frmProcura_Funcionario</Form>
			</DCCReference>
			<DCCReference Include="..\Objetos\FrmProcura_Grupo\uProcura_Grupo.pas">
				<Form>frmProcura_Grupo</Form>
			</DCCReference>
			<DCCReference Include="..\Objetos\FrmProcura_Produto\uProcura_Produto.pas">
				<Form>frmProcura_Produto</Form>
			</DCCReference>
			<DCCReference Include="..\Objetos\FrmQtde\uQtde.pas">
				<Form>frmQtde</Form>
			</DCCReference>
			<DCCReference Include="..\Objetos\FrmRelatorio\uRelatorio.pas">
				<Form>frmRelatorio</Form>
			</DCCReference>
			<DCCReference Include="..\Objetos\FrmCalcula_Perc\uCalcula_Perc.pas">
				<Form>frmCalula_Perc</Form>
			</DCCReference>
			<DCCReference Include="..\Objetos\Funções\uFuncao.pas"/>
			<DCCReference Include="..\Objetos\FrmVendas_Produto\uVendas_Produto.pas">
				<Form>frmVendas_Produto</Form>
			</DCCReference>
			<DCCReference Include="..\Objetos\FrmProcura_Venda\uProcura_Venda.pas">
				<Form>frmProcura_Venda</Form>
			</DCCReference>
			<DCCReference Include="..\Objetos\FrmSobre\USobre.pas">
				<Form>frmSobre</Form>
			</DCCReference>
			<DCCReference Include="..\Objetos\FrmSplash\USplash.pas">
				<Form>frmSplash</Form>
			</DCCReference>
			<DCCReference Include="..\Objetos\Conexao\UConexao.pas"/>
			<BuildConfiguration Include="Debug">
				<Key>Cfg_2</Key>
				<CfgParent>Base</CfgParent>
			</BuildConfiguration>
			<BuildConfiguration Include="Base">
				<Key>Base</Key>
			</BuildConfiguration>
			<BuildConfiguration Include="Release">
				<Key>Cfg_1</Key>
				<CfgParent>Base</CfgParent>
			</BuildConfiguration>
		</ItemGroup>
		<Import Condition="Exists('$(BDS)\Bin\CodeGear.Delphi.Targets')" Project="$(BDS)\Bin\CodeGear.Delphi.Targets"/>
		<Import Condition="Exists('$(APPDATA)\Embarcadero\$(BDSAPPDATABASEDIR)\8.0\UserTools.proj')" Project="$(APPDATA)\Embarcadero\$(BDSAPPDATABASEDIR)\8.0\UserTools.proj"/>
		<ProjectExtensions>
			<Borland.Personality>Delphi.Personality.12</Borland.Personality>
			<Borland.ProjectType/>
			<BorlandProject>
				<Delphi.Personality>
					<Source>
						<Source Name="MainSource">DUDU_AUTO_PEÇAS.dpr</Source>
					</Source>
					<Parameters/>
					<VersionInfo>
						<VersionInfo Name="IncludeVerInfo">True</VersionInfo>
						<VersionInfo Name="AutoIncBuild">True</VersionInfo>
						<VersionInfo Name="MajorVer">1</VersionInfo>
						<VersionInfo Name="MinorVer">0</VersionInfo>
						<VersionInfo Name="Release">0</VersionInfo>
						<VersionInfo Name="Build">0</VersionInfo>
						<VersionInfo Name="Debug">False</VersionInfo>
						<VersionInfo Name="PreRelease">False</VersionInfo>
						<VersionInfo Name="Special">False</VersionInfo>
						<VersionInfo Name="Private">False</VersionInfo>
						<VersionInfo Name="DLL">False</VersionInfo>
						<VersionInfo Name="Locale">1046</VersionInfo>
						<VersionInfo Name="CodePage">1252</VersionInfo>
					</VersionInfo>
					<VersionInfoKeys>
						<VersionInfoKeys Name="CompanyName">WLL - SISTEMAS</VersionInfoKeys>
						<VersionInfoKeys Name="FileDescription"/>
						<VersionInfoKeys Name="FileVersion">1.0.0.0</VersionInfoKeys>
						<VersionInfoKeys Name="InternalName"/>
						<VersionInfoKeys Name="LegalCopyright"/>
						<VersionInfoKeys Name="LegalTrademarks"/>
						<VersionInfoKeys Name="OriginalFilename"/>
						<VersionInfoKeys Name="ProductName">SISTEMA DE GESTÃO - MINI MERCADO</VersionInfoKeys>
						<VersionInfoKeys Name="ProductVersion">1.0.0.1</VersionInfoKeys>
						<VersionInfoKeys Name="Comments"/>
					</VersionInfoKeys>
					<Excluded_Packages>
						<Excluded_Packages Name="C:\Users\Public\Documents\RAD Studio\7.0\Bpl\RLReport_D2009.bpl">(untitled)</Excluded_Packages>
						<Excluded_Packages Name="C:\Users\Public\Documents\RAD Studio\7.0\Bpl\ACBrComum.bpl">ACBr Automação Comercial Brasil  ACBrComum   (http://acbr.sf.ne)</Excluded_Packages>
						<Excluded_Packages Name="C:\Users\Public\Documents\RAD Studio\7.0\Bpl\ACBrDiversos.bpl">ACBr Automação Comercial Brasil - ACBrDiversos (http://acbr.sf.net/)</Excluded_Packages>
						<Excluded_Packages Name="C:\Users\Public\Documents\RAD Studio\7.0\Bpl\ACBr_SPED.bpl">ACBr Automação Comercial Brasil Sped Fiscal e Contabil (http://acbr.sourceforge.net/)</Excluded_Packages>
						<Excluded_Packages Name="C:\Users\Public\Documents\RAD Studio\7.0\Bpl\ACBrSerial.bpl">ACBr Automação Comercial Brasil - ACBrSerial (http://acbr.sf.net/)</Excluded_Packages>
						<Excluded_Packages Name="C:\Users\Public\Documents\RAD Studio\7.0\Bpl\ACBr_Boleto.bpl">ACBr Automação Comercial Brasil - ACBrBoleto - (http://acbr.sourceforge.net/)</Excluded_Packages>
						<Excluded_Packages Name="C:\Users\Public\Documents\RAD Studio\7.0\Bpl\ACBr_PAF.bpl">ACBr Automação Comercial Brasil - PAF-ECF (http://acbr.sourceforge.net/)</Excluded_Packages>
						<Excluded_Packages Name="C:\Users\Public\Documents\RAD Studio\7.0\Bpl\ACBr_Sintegra.bpl">ACBr Automação Comercial Brasil - ACBrSintegra (http://acbr.sf.net/)</Excluded_Packages>
						<Excluded_Packages Name="C:\Users\Public\Documents\RAD Studio\7.0\Bpl\ACBr_TEFD.bpl">ACBr Automação Comercial Brasil - TEFD (http://acbr.sourceforge.net/)</Excluded_Packages>
						<Excluded_Packages Name="C:\Users\Public\Documents\RAD Studio\7.0\Bpl\ACBrTCP.bpl">ACBr Automação Comercial Brasil - ACBrTCP (http://acbr.sf.net/)</Excluded_Packages>
						<Excluded_Packages Name="C:\Users\Public\Documents\RAD Studio\7.0\Bpl\ACBr_NFe.bpl">ACBrNFePCN - (http://acbr.sourceforge.net/)</Excluded_Packages>
						<Excluded_Packages Name="C:\Users\Public\Documents\RAD Studio\7.0\Bpl\ACBr_CTe.bpl">ACBrCTePCN - (http://acbr.sourceforge.net/)</Excluded_Packages>
					</Excluded_Packages>
				</Delphi.Personality>
				<ModelSupport>True</ModelSupport>
				<Platforms>
					<Platform value="Win32">True</Platform>
				</Platforms>
			</BorlandProject>
			<ProjectFileVersion>12</ProjectFileVersion>
		</ProjectExtensions>
	</Project>
